// !$*UTF8*$!
{
	archiveVersion = 1;
	classes = {
	};
	objectVersion = 55;
	objects = {

/* Begin PBXBuildFile section */
		07401A8528A1EB8A0029057A /* landmarkData.json in Resources */ = {isa = PBXBuildFile; fileRef = 07401A8428A1EB8A0029057A /* landmarkData.json */; };
		07401A8728A1EBA10029057A /* Landmark.swift in Sources */ = {isa = PBXBuildFile; fileRef = 07401A8628A1EBA10029057A /* Landmark.swift */; };
		07401A8928A1EE080029057A /* ModelData.swift in Sources */ = {isa = PBXBuildFile; fileRef = 07401A8828A1EE080029057A /* ModelData.swift */; };
		07401A8E28A1EF7A0029057A /* LandmarkRow.swift in Sources */ = {isa = PBXBuildFile; fileRef = 07401A8D28A1EF7A0029057A /* LandmarkRow.swift */; };
		07401A9028A1F4BF0029057A /* LandmarkList.swift in Sources */ = {isa = PBXBuildFile; fileRef = 07401A8F28A1F4BF0029057A /* LandmarkList.swift */; };
		07401A9228A1F67D0029057A /* LandmarkDetail.swift in Sources */ = {isa = PBXBuildFile; fileRef = 07401A9128A1F67D0029057A /* LandmarkDetail.swift */; };
		07401A9428A338D20029057A /* FavoriteButton.swift in Sources */ = {isa = PBXBuildFile; fileRef = 07401A9328A338D20029057A /* FavoriteButton.swift */; };
		07CBEDCB289C957400599D2E /* LandmarksApp.swift in Sources */ = {isa = PBXBuildFile; fileRef = 07CBEDCA289C957400599D2E /* LandmarksApp.swift */; };
		07CBEDCD289C957400599D2E /* ContentView.swift in Sources */ = {isa = PBXBuildFile; fileRef = 07CBEDCC289C957400599D2E /* ContentView.swift */; };
		07CBEDCF289C957500599D2E /* Assets.xcassets in Resources */ = {isa = PBXBuildFile; fileRef = 07CBEDCE289C957500599D2E /* Assets.xcassets */; };
		07CBEDD2289C957500599D2E /* Preview Assets.xcassets in Resources */ = {isa = PBXBuildFile; fileRef = 07CBEDD1289C957500599D2E /* Preview Assets.xcassets */; };
		07CBEDDB289C9BDA00599D2E /* CircleImage.swift in Sources */ = {isa = PBXBuildFile; fileRef = 07CBEDDA289C9BDA00599D2E /* CircleImage.swift */; };
		07CBEDDF289C9E3A00599D2E /* MapView.swift in Sources */ = {isa = PBXBuildFile; fileRef = 07CBEDDE289C9E3A00599D2E /* MapView.swift */; };
/* End PBXBuildFile section */

/* Begin PBXFileReference section */
		07401A8428A1EB8A0029057A /* landmarkData.json */ = {isa = PBXFileReference; fileEncoding = 4; lastKnownFileType = text.json; path = landmarkData.json; sourceTree = "<group>"; };
		07401A8628A1EBA10029057A /* Landmark.swift */ = {isa = PBXFileReference; lastKnownFileType = sourcecode.swift; path = Landmark.swift; sourceTree = "<group>"; };
		07401A8828A1EE080029057A /* ModelData.swift */ = {isa = PBXFileReference; lastKnownFileType = sourcecode.swift; path = ModelData.swift; sourceTree = "<group>"; };
		07401A8D28A1EF7A0029057A /* LandmarkRow.swift */ = {isa = PBXFileReference; lastKnownFileType = sourcecode.swift; path = LandmarkRow.swift; sourceTree = "<group>"; };
		07401A8F28A1F4BF0029057A /* LandmarkList.swift */ = {isa = PBXFileReference; lastKnownFileType = sourcecode.swift; path = LandmarkList.swift; sourceTree = "<group>"; };
		07401A9128A1F67D0029057A /* LandmarkDetail.swift */ = {isa = PBXFileReference; lastKnownFileType = sourcecode.swift; path = LandmarkDetail.swift; sourceTree = "<group>"; };
		07401A9328A338D20029057A /* FavoriteButton.swift */ = {isa = PBXFileReference; lastKnownFileType = sourcecode.swift; path = FavoriteButton.swift; sourceTree = "<group>"; };
		07CBEDC7289C957400599D2E /* Landmarks.app */ = {isa = PBXFileReference; explicitFileType = wrapper.application; includeInIndex = 0; path = Landmarks.app; sourceTree = BUILT_PRODUCTS_DIR; };
		07CBEDCA289C957400599D2E /* LandmarksApp.swift */ = {isa = PBXFileReference; lastKnownFileType = sourcecode.swift; path = LandmarksApp.swift; sourceTree = "<group>"; };
		07CBEDCC289C957400599D2E /* ContentView.swift */ = {isa = PBXFileReference; lastKnownFileType = sourcecode.swift; path = ContentView.swift; sourceTree = "<group>"; };
		07CBEDCE289C957500599D2E /* Assets.xcassets */ = {isa = PBXFileReference; lastKnownFileType = folder.assetcatalog; path = Assets.xcassets; sourceTree = "<group>"; };
		07CBEDD1289C957500599D2E /* Preview Assets.xcassets */ = {isa = PBXFileReference; lastKnownFileType = folder.assetcatalog; path = "Preview Assets.xcassets"; sourceTree = "<group>"; };
		07CBEDDA289C9BDA00599D2E /* CircleImage.swift */ = {isa = PBXFileReference; lastKnownFileType = sourcecode.swift; path = CircleImage.swift; sourceTree = "<group>"; };
		07CBEDDE289C9E3A00599D2E /* MapView.swift */ = {isa = PBXFileReference; lastKnownFileType = sourcecode.swift; path = MapView.swift; sourceTree = "<group>"; };
/* End PBXFileReference section */

/* Begin PBXFrameworksBuildPhase section */
		07CBEDC4289C957400599D2E /* Frameworks */ = {
			isa = PBXFrameworksBuildPhase;
			buildActionMask = 2147483647;
			files = (
			);
			runOnlyForDeploymentPostprocessing = 0;
		};
/* End PBXFrameworksBuildPhase section */

/* Begin PBXGroup section */
		07401A8A28A1EF020029057A /* Views */ = {
			isa = PBXGroup;
			children = (
				07401A9628A33A2B0029057A /* Helpers */,
				07401A9528A33A1E0029057A /* Landmarks */,
				07CBEDCC289C957400599D2E /* ContentView.swift */,
			);
			path = Views;
			sourceTree = "<group>";
		};
		07401A8B28A1EF100029057A /* Resources */ = {
			isa = PBXGroup;
			children = (
				07401A8428A1EB8A0029057A /* landmarkData.json */,
			);
			path = Resources;
			sourceTree = "<group>";
		};
		07401A8C28A1EF160029057A /* Model */ = {
			isa = PBXGroup;
			children = (
				07401A8628A1EBA10029057A /* Landmark.swift */,
				07401A8828A1EE080029057A /* ModelData.swift */,
			);
			path = Model;
			sourceTree = "<group>";
		};
		07401A9528A33A1E0029057A /* Landmarks */ = {
			isa = PBXGroup;
			children = (
				07401A8D28A1EF7A0029057A /* LandmarkRow.swift */,
				07401A8F28A1F4BF0029057A /* LandmarkList.swift */,
				07401A9128A1F67D0029057A /* LandmarkDetail.swift */,
			);
			path = Landmarks;
			sourceTree = "<group>";
		};
		07401A9628A33A2B0029057A /* Helpers */ = {
			isa = PBXGroup;
			children = (
				07CBEDDA289C9BDA00599D2E /* CircleImage.swift */,
				07CBEDDE289C9E3A00599D2E /* MapView.swift */,
				07401A9328A338D20029057A /* FavoriteButton.swift */,
			);
			path = Helpers;
			sourceTree = "<group>";
		};
		07CBEDBE289C957400599D2E = {
			isa = PBXGroup;
			children = (
				07CBEDC9289C957400599D2E /* Landmarks */,
				07CBEDC8289C957400599D2E /* Products */,
			);
			sourceTree = "<group>";
		};
		07CBEDC8289C957400599D2E /* Products */ = {
			isa = PBXGroup;
			children = (
				07CBEDC7289C957400599D2E /* Landmarks.app */,
			);
			name = Products;
			sourceTree = "<group>";
		};
		07CBEDC9289C957400599D2E /* Landmarks */ = {
			isa = PBXGroup;
			children = (
				07401A8C28A1EF160029057A /* Model */,
				07401A8B28A1EF100029057A /* Resources */,
				07401A8A28A1EF020029057A /* Views */,
				07CBEDCA289C957400599D2E /* LandmarksApp.swift */,
				07CBEDCE289C957500599D2E /* Assets.xcassets */,
				07CBEDD0289C957500599D2E /* Preview Content */,
			);
			path = Landmarks;
			sourceTree = "<group>";
		};
		07CBEDD0289C957500599D2E /* Preview Content */ = {
			isa = PBXGroup;
			children = (
				07CBEDD1289C957500599D2E /* Preview Assets.xcassets */,
			);
			path = "Preview Content";
			sourceTree = "<group>";
		};
/* End PBXGroup section */

/* Begin PBXNativeTarget section */
		07CBEDC6289C957400599D2E /* Landmarks */ = {
			isa = PBXNativeTarget;
			buildConfigurationList = 07CBEDD5289C957500599D2E /* Build configuration list for PBXNativeTarget "Landmarks" */;
			buildPhases = (
				07CBEDC3289C957400599D2E /* Sources */,
				07CBEDC4289C957400599D2E /* Frameworks */,
				07CBEDC5289C957400599D2E /* Resources */,
			);
			buildRules = (
			);
			dependencies = (
			);
			name = Landmarks;
			productName = Landmarks;
			productReference = 07CBEDC7289C957400599D2E /* Landmarks.app */;
			productType = "com.apple.product-type.application";
		};
/* End PBXNativeTarget section */

/* Begin PBXProject section */
		07CBEDBF289C957400599D2E /* Project object */ = {
			isa = PBXProject;
			attributes = {
				BuildIndependentTargetsInParallel = 1;
				LastSwiftUpdateCheck = 1340;
				LastUpgradeCheck = 1340;
				TargetAttributes = {
					07CBEDC6289C957400599D2E = {
						CreatedOnToolsVersion = 13.4.1;
					};
				};
			};
			buildConfigurationList = 07CBEDC2289C957400599D2E /* Build configuration list for PBXProject "Landmarks" */;
			compatibilityVersion = "Xcode 13.0";
			developmentRegion = en;
			hasScannedForEncodings = 0;
			knownRegions = (
				en,
				Base,
			);
			mainGroup = 07CBEDBE289C957400599D2E;
			productRefGroup = 07CBEDC8289C957400599D2E /* Products */;
			projectDirPath = "";
			projectRoot = "";
			targets = (
				07CBEDC6289C957400599D2E /* Landmarks */,
			);
		};
/* End PBXProject section */

/* Begin PBXResourcesBuildPhase section */
		07CBEDC5289C957400599D2E /* Resources */ = {
			isa = PBXResourcesBuildPhase;
			buildActionMask = 2147483647;
			files = (
				07CBEDD2289C957500599D2E /* Preview Assets.xcassets in Resources */,
				07CBEDCF289C957500599D2E /* Assets.xcassets in Resources */,
				07401A8528A1EB8A0029057A /* landmarkData.json in Resources */,
			);
			runOnlyForDeploymentPostprocessing = 0;
		};
/* End PBXResourcesBuildPhase section */

/* Begin PBXSourcesBuildPhase section */
		07CBEDC3289C957400599D2E /* Sources */ = {
			isa = PBXSourcesBuildPhase;
			buildActionMask = 2147483647;
			files = (
				07CBEDCD289C957400599D2E /* ContentView.swift in Sources */,
				07CBEDDF289C9E3A00599D2E /* MapView.swift in Sources */,
				07CBEDCB289C957400599D2E /* LandmarksApp.swift in Sources */,
				07401A9428A338D20029057A /* FavoriteButton.swift in Sources */,
				07401A9028A1F4BF0029057A /* LandmarkList.swift in Sources */,
				07401A9228A1F67D0029057A /* LandmarkDetail.swift in Sources */,
				07CBEDDB289C9BDA00599D2E /* CircleImage.swift in Sources */,
				07401A8728A1EBA10029057A /* Landmark.swift in Sources */,
				07401A8E28A1EF7A0029057A /* LandmarkRow.swift in Sources */,
				07401A8928A1EE080029057A /* ModelData.swift in Sources */,
			);
			runOnlyForDeploymentPostprocessing = 0;
		};
/* End PBXSourcesBuildPhase section */

/* Begin XCBuildConfiguration section */
		07CBEDD3289C957500599D2E /* Debug */ = {
			isa = XCBuildConfiguration;
			buildSettings = {
				ALWAYS_SEARCH_USER_PATHS = NO;
				CLANG_ANALYZER_NONNULL = YES;
				CLANG_ANALYZER_NUMBER_OBJECT_CONVERSION = YES_AGGRESSIVE;
				CLANG_CXX_LANGUAGE_STANDARD = "gnu++17";
				CLANG_ENABLE_MODULES = YES;
				CLANG_ENABLE_OBJC_ARC = YES;
				CLANG_ENABLE_OBJC_WEAK = YES;
				CLANG_WARN_BLOCK_CAPTURE_AUTORELEASING = YES;
				CLANG_WARN_BOOL_CONVERSION = YES;
				CLANG_WARN_COMMA = YES;
				CLANG_WARN_CONSTANT_CONVERSION = YES;
				CLANG_WARN_DEPRECATED_OBJC_IMPLEMENTATIONS = YES;
				CLANG_WARN_DIRECT_OBJC_ISA_USAGE = YES_ERROR;
				CLANG_WARN_DOCUMENTATION_COMMENTS = YES;
				CLANG_WARN_EMPTY_BODY = YES;
				CLANG_WARN_ENUM_CONVERSION = YES;
				CLANG_WARN_INFINITE_RECURSION = YES;
				CLANG_WARN_INT_CONVERSION = YES;
				CLANG_WARN_NON_LITERAL_NULL_CONVERSION = YES;
				CLANG_WARN_OBJC_IMPLICIT_RETAIN_SELF = YES;
				CLANG_WARN_OBJC_LITERAL_CONVERSION = YES;
				CLANG_WARN_OBJC_ROOT_CLASS = YES_ERROR;
				CLANG_WARN_QUOTED_INCLUDE_IN_FRAMEWORK_HEADER = YES;
				CLANG_WARN_RANGE_LOOP_ANALYSIS = YES;
				CLANG_WARN_STRICT_PROTOTYPES = YES;
				CLANG_WARN_SUSPICIOUS_MOVE = YES;
				CLANG_WARN_UNGUARDED_AVAILABILITY = YES_AGGRESSIVE;
				CLANG_WARN_UNREACHABLE_CODE = YES;
				CLANG_WARN__DUPLICATE_METHOD_MATCH = YES;
				COPY_PHASE_STRIP = NO;
				DEBUG_INFORMATION_FORMAT = dwarf;
				ENABLE_STRICT_OBJC_MSGSEND = YES;
				ENABLE_TESTABILITY = YES;
				GCC_C_LANGUAGE_STANDARD = gnu11;
				GCC_DYNAMIC_NO_PIC = NO;
				GCC_NO_COMMON_BLOCKS = YES;
				GCC_OPTIMIZATION_LEVEL = 0;
				GCC_PREPROCESSOR_DEFINITIONS = (
					"DEBUG=1",
					"$(inherited)",
				);
				GCC_WARN_64_TO_32_BIT_CONVERSION = YES;
				GCC_WARN_ABOUT_RETURN_TYPE = YES_ERROR;
				GCC_WARN_UNDECLARED_SELECTOR = YES;
				GCC_WARN_UNINITIALIZED_AUTOS = YES_AGGRESSIVE;
				GCC_WARN_UNUSED_FUNCTION = YES;
				GCC_WARN_UNUSED_VARIABLE = YES;
				IPHONEOS_DEPLOYMENT_TARGET = 15.5;
				MTL_ENABLE_DEBUG_INFO = INCLUDE_SOURCE;
				MTL_FAST_MATH = YES;
				ONLY_ACTIVE_ARCH = YES;
				SDKROOT = iphoneos;
				SWIFT_ACTIVE_COMPILATION_CONDITIONS = DEBUG;
				SWIFT_OPTIMIZATION_LEVEL = "-Onone";
			};
			name = Debug;
		};
		07CBEDD4289C957500599D2E /* Release */ = {
			isa = XCBuildConfiguration;
			buildSettings = {
				ALWAYS_SEARCH_USER_PATHS = NO;
				CLANG_ANALYZER_NONNULL = YES;
				CLANG_ANALYZER_NUMBER_OBJECT_CONVERSION = YES_AGGRESSIVE;
				CLANG_CXX_LANGUAGE_STANDARD = "gnu++17";
				CLANG_ENABLE_MODULES = YES;
				CLANG_ENABLE_OBJC_ARC = YES;
				CLANG_ENABLE_OBJC_WEAK = YES;
				CLANG_WARN_BLOCK_CAPTURE_AUTORELEASING = YES;
				CLANG_WARN_BOOL_CONVERSION = YES;
				CLANG_WARN_COMMA = YES;
				CLANG_WARN_CONSTANT_CONVERSION = YES;
				CLANG_WARN_DEPRECATED_OBJC_IMPLEMENTATIONS = YES;
				CLANG_WARN_DIRECT_OBJC_ISA_USAGE = YES_ERROR;
				CLANG_WARN_DOCUMENTATION_COMMENTS = YES;
				CLANG_WARN_EMPTY_BODY = YES;
				CLANG_WARN_ENUM_CONVERSION = YES;
				CLANG_WARN_INFINITE_RECURSION = YES;
				CLANG_WARN_INT_CONVERSION = YES;
				CLANG_WARN_NON_LITERAL_NULL_CONVERSION = YES;
				CLANG_WARN_OBJC_IMPLICIT_RETAIN_SELF = YES;
				CLANG_WARN_OBJC_LITERAL_CONVERSION = YES;
				CLANG_WARN_OBJC_ROOT_CLASS = YES_ERROR;
				CLANG_WARN_QUOTED_INCLUDE_IN_FRAMEWORK_HEADER = YES;
				CLANG_WARN_RANGE_LOOP_ANALYSIS = YES;
				CLANG_WARN_STRICT_PROTOTYPES = YES;
				CLANG_WARN_SUSPICIOUS_MOVE = YES;
				CLANG_WARN_UNGUARDED_AVAILABILITY = YES_AGGRESSIVE;
				CLANG_WARN_UNREACHABLE_CODE = YES;
				CLANG_WARN__DUPLICATE_METHOD_MATCH = YES;
				COPY_PHASE_STRIP = NO;
				DEBUG_INFORMATION_FORMAT = "dwarf-with-dsym";
				ENABLE_NS_ASSERTIONS = NO;
				ENABLE_STRICT_OBJC_MSGSEND = YES;
				GCC_C_LANGUAGE_STANDARD = gnu11;
				GCC_NO_COMMON_BLOCKS = YES;
				GCC_WARN_64_TO_32_BIT_CONVERSION = YES;
				GCC_WARN_ABOUT_RETURN_TYPE = YES_ERROR;
				GCC_WARN_UNDECLARED_SELECTOR = YES;
				GCC_WARN_UNINITIALIZED_AUTOS = YES_AGGRESSIVE;
				GCC_WARN_UNUSED_FUNCTION = YES;
				GCC_WARN_UNUSED_VARIABLE = YES;
				IPHONEOS_DEPLOYMENT_TARGET = 15.5;
				MTL_ENABLE_DEBUG_INFO = NO;
				MTL_FAST_MATH = YES;
				SDKROOT = iphoneos;
				SWIFT_COMPILATION_MODE = wholemodule;
				SWIFT_OPTIMIZATION_LEVEL = "-O";
				VALIDATE_PRODUCT = YES;
			};
			name = Release;
		};
		07CBEDD6289C957500599D2E /* Debug */ = {
			isa = XCBuildConfiguration;
			buildSettings = {
				ASSETCATALOG_COMPILER_APPICON_NAME = AppIcon;
				ASSETCATALOG_COMPILER_GLOBAL_ACCENT_COLOR_NAME = AccentColor;
				CODE_SIGN_STYLE = Automatic;
				CURRENT_PROJECT_VERSION = 1;
				DEVELOPMENT_ASSET_PATHS = "\"Landmarks/Preview Content\"";
				ENABLE_PREVIEWS = YES;
				GENERATE_INFOPLIST_FILE = YES;
				INFOPLIST_KEY_UIApplicationSceneManifest_Generation = YES;
				INFOPLIST_KEY_UIApplicationSupportsIndirectInputEvents = YES;
				INFOPLIST_KEY_UILaunchScreen_Generation = YES;
				INFOPLIST_KEY_UISupportedInterfaceOrientations_iPad = "UIInterfaceOrientationPortrait UIInterfaceOrientationPortraitUpsideDown UIInterfaceOrientationLandscapeLeft UIInterfaceOrientationLandscapeRight";
				INFOPLIST_KEY_UISupportedInterfaceOrientations_iPhone = "UIInterfaceOrientationPortrait UIInterfaceOrientationLandscapeLeft UIInterfaceOrientationLandscapeRight";
				LD_RUNPATH_SEARCH_PATHS = (
					"$(inherited)",
					"@executable_path/Frameworks",
				);
				MARKETING_VERSION = 1.0;
				PRODUCT_BUNDLE_IDENTIFIER = swiftLearn.Landmarks;
				PRODUCT_NAME = "$(TARGET_NAME)";
				SWIFT_EMIT_LOC_STRINGS = YES;
				SWIFT_VERSION = 5.0;
				TARGETED_DEVICE_FAMILY = "1,2";
			};
			name = Debug;
		};
		07CBEDD7289C957500599D2E /* Release */ = {
			isa = XCBuildConfiguration;
			buildSettings = {
				ASSETCATALOG_COMPILER_APPICON_NAME = AppIcon;
				ASSETCATALOG_COMPILER_GLOBAL_ACCENT_COLOR_NAME = AccentColor;
				CODE_SIGN_STYLE = Automatic;
				CURRENT_PROJECT_VERSION = 1;
				DEVELOPMENT_ASSET_PATHS = "\"Landmarks/Preview Content\"";
				ENABLE_PREVIEWS = YES;
				GENERATE_INFOPLIST_FILE = YES;
				INFOPLIST_KEY_UIApplicationSceneManifest_Generation = YES;
				INFOPLIST_KEY_UIApplicationSupportsIndirectInputEvents = YES;
				INFOPLIST_KEY_UILaunchScreen_Generation = YES;
				INFOPLIST_KEY_UISupportedInterfaceOrientations_iPad = "UIInterfaceOrientationPortrait UIInterfaceOrientationPortraitUpsideDown UIInterfaceOrientationLandscapeLeft UIInterfaceOrientationLandscapeRight";
				INFOPLIST_KEY_UISupportedInterfaceOrientations_iPhone = "UIInterfaceOrientationPortrait UIInterfaceOrientationLandscapeLeft UIInterfaceOrientationLandscapeRight";
				LD_RUNPATH_SEARCH_PATHS = (
					"$(inherited)",
					"@executable_path/Frameworks",
				);
				MARKETING_VERSION = 1.0;
				PRODUCT_BUNDLE_IDENTIFIER = swiftLearn.Landmarks;
				PRODUCT_NAME = "$(TARGET_NAME)";
				SWIFT_EMIT_LOC_STRINGS = YES;
				SWIFT_VERSION = 5.0;
				TARGETED_DEVICE_FAMILY = "1,2";
			};
			name = Release;
		};
/* End XCBuildConfiguration section */

/* Begin XCConfigurationList section */
		07CBEDC2289C957400599D2E /* Build configuration list for PBXProject "Landmarks" */ = {
			isa = XCConfigurationList;
			buildConfigurations = (
				07CBEDD3289C957500599D2E /* Debug */,
				07CBEDD4289C957500599D2E /* Release */,
			);
			defaultConfigurationIsVisible = 0;
			defaultConfigurationName = Release;
		};
		07CBEDD5289C957500599D2E /* Build configuration list for PBXNativeTarget "Landmarks" */ = {
			isa = XCConfigurationList;
			buildConfigurations = (
				07CBEDD6289C957500599D2E /* Debug */,
				07CBEDD7289C957500599D2E /* Release */,
			);
			defaultConfigurationIsVisible = 0;
			defaultConfigurationName = Release;
		};
/* End XCConfigurationList section */
	};
	rootObject = 07CBEDBF289C957400599D2E /* Project object */;
}
